
Microsoft Visual Studio Solution File, Format Version 12.00
# Visual Studio 15
Project("{FAE04EC0-301F-11D3-BF4B-00C04F79EFBC}") = "Assembly-CSharp", "Assembly-CSharp.csproj", "{FD7B8BCD-EC39-7D72-BDBF-487479C1EAAF}"
EndProject
Project("{FAE04EC0-301F-11D3-BF4B-00C04F79EFBC}") = "Assembly-CSharp-Editor", "Assembly-CSharp-Editor.csproj", "{2CF7188C-1BFC-FFEB-263D-79E4741FC8D7}"
EndProject
Global
	GlobalSection(SolutionConfigurationPlatforms) = preSolution
		Debug|Any CPU = Debug|Any CPU
		Release|Any CPU = Release|Any CPU
	EndGlobalSection
	GlobalSection(ProjectConfigurationPlatforms) = postSolution
		{FD7B8BCD-EC39-7D72-BDBF-487479C1EAAF}.Debug|Any CPU.ActiveCfg = Debug|Any CPU
		{FD7B8BCD-EC39-7D72-BDBF-487479C1EAAF}.Debug|Any CPU.Build.0 = Debug|Any CPU
		{FD7B8BCD-EC39-7D72-BDBF-487479C1EAAF}.Release|Any CPU.ActiveCfg = Release|Any CPU
		{FD7B8BCD-EC39-7D72-BDBF-487479C1EAAF}.Release|Any CPU.Build.0 = Release|Any CPU
		{2CF7188C-1BFC-FFEB-263D-79E4741FC8D7}.Debug|Any CPU.ActiveCfg = Debug|Any CPU
		{2CF7188C-1BFC-FFEB-263D-79E4741FC8D7}.Debug|Any CPU.Build.0 = Debug|Any CPU
		{2CF7188C-1BFC-FFEB-263D-79E4741FC8D7}.Release|Any CPU.ActiveCfg = Release|Any CPU
		{2CF7188C-1BFC-FFEB-263D-79E4741FC8D7}.Release|Any CPU.Build.0 = Release|Any CPU
	EndGlobalSection
	GlobalSection(SolutionProperties) = preSolution
		HideSolutionNode = FALSE
	EndGlobalSection
EndGlobal
